
Microsoft Visual Studio Solution File, Format Version 12.00
# Visual Studio Version 17
VisualStudioVersion = 17.0.31903.59
MinimumVisualStudioVersion = 10.0.40219.1
Project("{FAE04EC0-301F-11D3-BF4B-00C04F79EFBC}") = "MinimalApiDemo", "Api\MinimalApiDemo.csproj", "{961367E7-23BF-418F-88B3-386F1DB0F322}"
EndProject
Project("{FAE04EC0-301F-11D3-BF4B-00C04F79EFBC}") = "Test", "Test\Test.csproj", "{FB83D0F1-C4F2-4293-9CBF-8EE4D69BBB0C}"
EndProject
Global
	GlobalSection(SolutionConfigurationPlatforms) = preSolution
		Debug|Any CPU = Debug|Any CPU
		Release|Any CPU = Release|Any CPU
	EndGlobalSection
	GlobalSection(SolutionProperties) = preSolution
		HideSolutionNode = FALSE
	EndGlobalSection
	GlobalSection(ProjectConfigurationPlatforms) = postSolution
		{961367E7-23BF-418F-88B3-386F1DB0F322}.Debug|Any CPU.ActiveCfg = Debug|Any CPU
		{961367E7-23BF-418F-88B3-386F1DB0F322}.Debug|Any CPU.Build.0 = Debug|Any CPU
		{961367E7-23BF-418F-88B3-386F1DB0F322}.Release|Any CPU.ActiveCfg = Release|Any CPU
		{961367E7-23BF-418F-88B3-386F1DB0F322}.Release|Any CPU.Build.0 = Release|Any CPU
		{FB83D0F1-C4F2-4293-9CBF-8EE4D69BBB0C}.Debug|Any CPU.ActiveCfg = Debug|Any CPU
		{FB83D0F1-C4F2-4293-9CBF-8EE4D69BBB0C}.Debug|Any CPU.Build.0 = Debug|Any CPU
		{FB83D0F1-C4F2-4293-9CBF-8EE4D69BBB0C}.Release|Any CPU.ActiveCfg = Release|Any CPU
		{FB83D0F1-C4F2-4293-9CBF-8EE4D69BBB0C}.Release|Any CPU.Build.0 = Release|Any CPU
	EndGlobalSection
EndGlobal
